
Microsoft Visual Studio Solution File, Format Version 12.00
# Visual Studio Version 17
Project("{8BC9CEB8-8B4A-11D0-8D11-00A0C91BC942}") = "ALL_BUILD", "ALL_BUILD.vcxproj", "{6F49028B-67C1-38DF-A64A-B1A4055B7EBD}"
	ProjectSection(ProjectDependencies) = postProject
		{B0A56DF7-9042-3FC6-975C-D4619FF794E2} = {B0A56DF7-9042-3FC6-975C-D4619FF794E2}
		{1D35F6B6-FE58-379E-98D4-77ED4510F2D4} = {1D35F6B6-FE58-379E-98D4-77ED4510F2D4}
	EndProjectSection
EndProject
Project("{8BC9CEB8-8B4A-11D0-8D11-00A0C91BC942}") = "ZERO_CHECK", "ZERO_CHECK.vcxproj", "{B0A56DF7-9042-3FC6-975C-D4619FF794E2}"
	ProjectSection(ProjectDependencies) = postProject
	EndProjectSection
EndProject
Project("{8BC9CEB8-8B4A-11D0-8D11-00A0C91BC942}") = "simulation", "simulation.vcxproj", "{1D35F6B6-FE58-379E-98D4-77ED4510F2D4}"
	ProjectSection(ProjectDependencies) = postProject
		{B0A56DF7-9042-3FC6-975C-D4619FF794E2} = {B0A56DF7-9042-3FC6-975C-D4619FF794E2}
	EndProjectSection
EndProject
Global
	GlobalSection(SolutionConfigurationPlatforms) = preSolution
		Debug|Win32 = Debug|Win32
		Release|Win32 = Release|Win32
		MinSizeRel|Win32 = MinSizeRel|Win32
		RelWithDebInfo|Win32 = RelWithDebInfo|Win32
	EndGlobalSection
	GlobalSection(ProjectConfigurationPlatforms) = postSolution
		{6F49028B-67C1-38DF-A64A-B1A4055B7EBD}.Debug|Win32.ActiveCfg = Debug|Win32
		{6F49028B-67C1-38DF-A64A-B1A4055B7EBD}.Release|Win32.ActiveCfg = Release|Win32
		{6F49028B-67C1-38DF-A64A-B1A4055B7EBD}.MinSizeRel|Win32.ActiveCfg = MinSizeRel|Win32
		{6F49028B-67C1-38DF-A64A-B1A4055B7EBD}.RelWithDebInfo|Win32.ActiveCfg = RelWithDebInfo|Win32
		{B0A56DF7-9042-3FC6-975C-D4619FF794E2}.Debug|Win32.ActiveCfg = Debug|Win32
		{B0A56DF7-9042-3FC6-975C-D4619FF794E2}.Debug|Win32.Build.0 = Debug|Win32
		{B0A56DF7-9042-3FC6-975C-D4619FF794E2}.Release|Win32.ActiveCfg = Release|Win32
		{B0A56DF7-9042-3FC6-975C-D4619FF794E2}.Release|Win32.Build.0 = Release|Win32
		{B0A56DF7-9042-3FC6-975C-D4619FF794E2}.MinSizeRel|Win32.ActiveCfg = MinSizeRel|Win32
		{B0A56DF7-9042-3FC6-975C-D4619FF794E2}.MinSizeRel|Win32.Build.0 = MinSizeRel|Win32
		{B0A56DF7-9042-3FC6-975C-D4619FF794E2}.RelWithDebInfo|Win32.ActiveCfg = RelWithDebInfo|Win32
		{B0A56DF7-9042-3FC6-975C-D4619FF794E2}.RelWithDebInfo|Win32.Build.0 = RelWithDebInfo|Win32
		{1D35F6B6-FE58-379E-98D4-77ED4510F2D4}.Debug|Win32.ActiveCfg = Debug|Win32
		{1D35F6B6-FE58-379E-98D4-77ED4510F2D4}.Debug|Win32.Build.0 = Debug|Win32
		{1D35F6B6-FE58-379E-98D4-77ED4510F2D4}.Release|Win32.ActiveCfg = Release|Win32
		{1D35F6B6-FE58-379E-98D4-77ED4510F2D4}.Release|Win32.Build.0 = Release|Win32
		{1D35F6B6-FE58-379E-98D4-77ED4510F2D4}.MinSizeRel|Win32.ActiveCfg = MinSizeRel|Win32
		{1D35F6B6-FE58-379E-98D4-77ED4510F2D4}.MinSizeRel|Win32.Build.0 = MinSizeRel|Win32
		{1D35F6B6-FE58-379E-98D4-77ED4510F2D4}.RelWithDebInfo|Win32.ActiveCfg = RelWithDebInfo|Win32
		{1D35F6B6-FE58-379E-98D4-77ED4510F2D4}.RelWithDebInfo|Win32.Build.0 = RelWithDebInfo|Win32
	EndGlobalSection
	GlobalSection(ExtensibilityGlobals) = postSolution
		SolutionGuid = {96850502-B6B2-399D-85CE-DCA51C275C14}
	EndGlobalSection
	GlobalSection(ExtensibilityAddIns) = postSolution
	EndGlobalSection
EndGlobal
